
Microsoft Visual Studio Solution File, Format Version 12.00
# Visual Studio 15
VisualStudioVersion = 15.0.28010.2048
MinimumVisualStudioVersion = 10.0.40219.1
Project("{FAE04EC0-301F-11D3-BF4B-00C04F79EFBC}") = "M3U Editor", "M3U Editor\M3U Editor.csproj", "{4BC1C989-94C4-4E7A-9C20-1AAFA6B223FF}"
EndProject
Global
	GlobalSection(SolutionConfigurationPlatforms) = preSolution
		Debug|Any CPU = Debug|Any CPU
		Release|Any CPU = Release|Any CPU
	EndGlobalSection
	GlobalSection(ProjectConfigurationPlatforms) = postSolution
		{4BC1C989-94C4-4E7A-9C20-1AAFA6B223FF}.Debug|Any CPU.ActiveCfg = Debug|Any CPU
		{4BC1C989-94C4-4E7A-9C20-1AAFA6B223FF}.Debug|Any CPU.Build.0 = Debug|Any CPU
		{4BC1C989-94C4-4E7A-9C20-1AAFA6B223FF}.Release|Any CPU.ActiveCfg = Release|Any CPU
		{4BC1C989-94C4-4E7A-9C20-1AAFA6B223FF}.Release|Any CPU.Build.0 = Release|Any CPU
	EndGlobalSection
	GlobalSection(SolutionProperties) = preSolution
		HideSolutionNode = FALSE
	EndGlobalSection
	GlobalSection(ExtensibilityGlobals) = postSolution
		SolutionGuid = {6C7CAE92-0C35-4F09-B47C-2BFDAC6ECF6B}
	EndGlobalSection
EndGlobal
